hash: 25e35a72a7321b1225e336f9c820ad72d5e2bb5dee76ddf9ba7892bb13009e47
updated: 2019-01-08T15:05:05.85437+08:00
imports:
- name: github.com/mitchellh/colorstring
  version: 8631ce90f28644f54aeedcb3e389a85174e067d1
- name: github.com/schollz/progressbar
  version: dfe83207a3b937a6bd864b993a3350258bd67007
- name: github.com/tidwall/gjson
  version: 1e3f6aeaa5bad08d777ea7807b279a07885dd8b2
- name: github.com/tidwall/match
  version: 33827db735fff6510490d69a8622612558a557ed
testImports: []
